
Microsoft Visual Studio Solution File, Format Version 12.00
# Visual Studio Version 17
VisualStudioVersion = 17.3.32901.215
MinimumVisualStudioVersion = 10.0.40219.1
Project("{FAE04EC0-301F-11D3-BF4B-00C04F79EFBC}") = "BookApp.Android", "BookApp\BookApp.Android\BookApp.Android.csproj", "{012472A9-08AB-4BAB-87BD-3A4159BD0F5C}"
EndProject
Project("{FAE04EC0-301F-11D3-BF4B-00C04F79EFBC}") = "BookApp.iOS", "BookApp\BookApp.iOS\BookApp.iOS.csproj", "{8481716E-2F75-44A5-925D-C0D0AEE4B642}"
EndProject
Project("{FAE04EC0-301F-11D3-BF4B-00C04F79EFBC}") = "BookApp", "BookApp\BookApp\BookApp.csproj", "{A3442E9D-C1DC-4E02-A29E-8584568BCF09}"
EndProject
Global
	GlobalSection(SolutionConfigurationPlatforms) = preSolution
		Debug|Any CPU = Debug|Any CPU
		Debug|iPhone = Debug|iPhone
		Debug|iPhoneSimulator = Debug|iPhoneSimulator
		Release|Any CPU = Release|Any CPU
		Release|iPhone = Release|iPhone
		Release|iPhoneSimulator = Release|iPhoneSimulator
	EndGlobalSection
	GlobalSection(ProjectConfigurationPlatforms) = postSolution
		{012472A9-08AB-4BAB-87BD-3A4159BD0F5C}.Debug|Any CPU.ActiveCfg = Debug|Any CPU
		{012472A9-08AB-4BAB-87BD-3A4159BD0F5C}.Debug|Any CPU.Build.0 = Debug|Any CPU
		{012472A9-08AB-4BAB-87BD-3A4159BD0F5C}.Debug|Any CPU.Deploy.0 = Debug|Any CPU
		{012472A9-08AB-4BAB-87BD-3A4159BD0F5C}.Debug|iPhone.ActiveCfg = Debug|Any CPU
		{012472A9-08AB-4BAB-87BD-3A4159BD0F5C}.Debug|iPhone.Build.0 = Debug|Any CPU
		{012472A9-08AB-4BAB-87BD-3A4159BD0F5C}.Debug|iPhone.Deploy.0 = Debug|Any CPU
		{012472A9-08AB-4BAB-87BD-3A4159BD0F5C}.Debug|iPhoneSimulator.ActiveCfg = Debug|Any CPU
		{012472A9-08AB-4BAB-87BD-3A4159BD0F5C}.Debug|iPhoneSimulator.Build.0 = Debug|Any CPU
		{012472A9-08AB-4BAB-87BD-3A4159BD0F5C}.Debug|iPhoneSimulator.Deploy.0 = Debug|Any CPU
		{012472A9-08AB-4BAB-87BD-3A4159BD0F5C}.Release|Any CPU.ActiveCfg = Release|Any CPU
		{012472A9-08AB-4BAB-87BD-3A4159BD0F5C}.Release|Any CPU.Build.0 = Release|Any CPU
		{012472A9-08AB-4BAB-87BD-3A4159BD0F5C}.Release|Any CPU.Deploy.0 = Release|Any CPU
		{012472A9-08AB-4BAB-87BD-3A4159BD0F5C}.Release|iPhone.ActiveCfg = Release|Any CPU
		{012472A9-08AB-4BAB-87BD-3A4159BD0F5C}.Release|iPhone.Build.0 = Release|Any CPU
		{012472A9-08AB-4BAB-87BD-3A4159BD0F5C}.Release|iPhone.Deploy.0 = Release|Any CPU
		{012472A9-08AB-4BAB-87BD-3A4159BD0F5C}.Release|iPhoneSimulator.ActiveCfg = Release|Any CPU
		{012472A9-08AB-4BAB-87BD-3A4159BD0F5C}.Release|iPhoneSimulator.Build.0 = Release|Any CPU
		{012472A9-08AB-4BAB-87BD-3A4159BD0F5C}.Release|iPhoneSimulator.Deploy.0 = Release|Any CPU
		{8481716E-2F75-44A5-925D-C0D0AEE4B642}.Debug|Any CPU.ActiveCfg = Debug|iPhone
		{8481716E-2F75-44A5-925D-C0D0AEE4B642}.Debug|Any CPU.Build.0 = Debug|iPhone
		{8481716E-2F75-44A5-925D-C0D0AEE4B642}.Debug|Any CPU.Deploy.0 = Debug|iPhone
		{8481716E-2F75-44A5-925D-C0D0AEE4B642}.Debug|iPhone.ActiveCfg = Debug|iPhone
		{8481716E-2F75-44A5-925D-C0D0AEE4B642}.Debug|iPhone.Build.0 = Debug|iPhone
		{8481716E-2F75-44A5-925D-C0D0AEE4B642}.Debug|iPhone.Deploy.0 = Debug|iPhone
		{8481716E-2F75-44A5-925D-C0D0AEE4B642}.Debug|iPhoneSimulator.ActiveCfg = Debug|iPhoneSimulator
		{8481716E-2F75-44A5-925D-C0D0AEE4B642}.Debug|iPhoneSimulator.Build.0 = Debug|iPhoneSimulator
		{8481716E-2F75-44A5-925D-C0D0AEE4B642}.Debug|iPhoneSimulator.Deploy.0 = Debug|iPhoneSimulator
		{8481716E-2F75-44A5-925D-C0D0AEE4B642}.Release|Any CPU.ActiveCfg = Release|iPhoneSimulator
		{8481716E-2F75-44A5-925D-C0D0AEE4B642}.Release|Any CPU.Build.0 = Release|iPhoneSimulator
		{8481716E-2F75-44A5-925D-C0D0AEE4B642}.Release|Any CPU.Deploy.0 = Release|iPhoneSimulator
		{8481716E-2F75-44A5-925D-C0D0AEE4B642}.Release|iPhone.ActiveCfg = Release|iPhone
		{8481716E-2F75-44A5-925D-C0D0AEE4B642}.Release|iPhone.Build.0 = Release|iPhone
		{8481716E-2F75-44A5-925D-C0D0AEE4B642}.Release|iPhone.Deploy.0 = Release|iPhone
		{8481716E-2F75-44A5-925D-C0D0AEE4B642}.Release|iPhoneSimulator.ActiveCfg = Release|iPhoneSimulator
		{8481716E-2F75-44A5-925D-C0D0AEE4B642}.Release|iPhoneSimulator.Build.0 = Release|iPhoneSimulator
		{8481716E-2F75-44A5-925D-C0D0AEE4B642}.Release|iPhoneSimulator.Deploy.0 = Release|iPhoneSimulator
		{A3442E9D-C1DC-4E02-A29E-8584568BCF09}.Debug|Any CPU.ActiveCfg = Debug|Any CPU
		{A3442E9D-C1DC-4E02-A29E-8584568BCF09}.Debug|Any CPU.Build.0 = Debug|Any CPU
		{A3442E9D-C1DC-4E02-A29E-8584568BCF09}.Debug|Any CPU.Deploy.0 = Debug|Any CPU
		{A3442E9D-C1DC-4E02-A29E-8584568BCF09}.Debug|iPhone.ActiveCfg = Debug|Any CPU
		{A3442E9D-C1DC-4E02-A29E-8584568BCF09}.Debug|iPhone.Build.0 = Debug|Any CPU
		{A3442E9D-C1DC-4E02-A29E-8584568BCF09}.Debug|iPhone.Deploy.0 = Debug|Any CPU
		{A3442E9D-C1DC-4E02-A29E-8584568BCF09}.Debug|iPhoneSimulator.ActiveCfg = Debug|Any CPU
		{A3442E9D-C1DC-4E02-A29E-8584568BCF09}.Debug|iPhoneSimulator.Build.0 = Debug|Any CPU
		{A3442E9D-C1DC-4E02-A29E-8584568BCF09}.Debug|iPhoneSimulator.Deploy.0 = Debug|Any CPU
		{A3442E9D-C1DC-4E02-A29E-8584568BCF09}.Release|Any CPU.ActiveCfg = Release|Any CPU
		{A3442E9D-C1DC-4E02-A29E-8584568BCF09}.Release|Any CPU.Build.0 = Release|Any CPU
		{A3442E9D-C1DC-4E02-A29E-8584568BCF09}.Release|Any CPU.Deploy.0 = Release|Any CPU
		{A3442E9D-C1DC-4E02-A29E-8584568BCF09}.Release|iPhone.ActiveCfg = Release|Any CPU
		{A3442E9D-C1DC-4E02-A29E-8584568BCF09}.Release|iPhone.Build.0 = Release|Any CPU
		{A3442E9D-C1DC-4E02-A29E-8584568BCF09}.Release|iPhone.Deploy.0 = Release|Any CPU
		{A3442E9D-C1DC-4E02-A29E-8584568BCF09}.Release|iPhoneSimulator.ActiveCfg = Release|Any CPU
		{A3442E9D-C1DC-4E02-A29E-8584568BCF09}.Release|iPhoneSimulator.Build.0 = Release|Any CPU
		{A3442E9D-C1DC-4E02-A29E-8584568BCF09}.Release|iPhoneSimulator.Deploy.0 = Release|Any CPU
	EndGlobalSection
	GlobalSection(SolutionProperties) = preSolution
		HideSolutionNode = FALSE
	EndGlobalSection
	GlobalSection(ExtensibilityGlobals) = postSolution
		SolutionGuid = {55BA799B-8364-4D53-A816-B5C5948BB2AE}
	EndGlobalSection
EndGlobal
