
Microsoft Visual Studio Solution File, Format Version 12.00
# Visual Studio Version 17
VisualStudioVersion = 17.3.32901.215
MinimumVisualStudioVersion = 10.0.40219.1
Project("{FAE04EC0-301F-11D3-BF4B-00C04F79EFBC}") = "BookAPI", "BookAPI\BookAPI.csproj", "{9F72C030-1253-4084-BAA7-BD3CBCF64825}"
EndProject
Global
	GlobalSection(SolutionConfigurationPlatforms) = preSolution
		Debug|Any CPU = Debug|Any CPU
		Release|Any CPU = Release|Any CPU
	EndGlobalSection
	GlobalSection(ProjectConfigurationPlatforms) = postSolution
		{9F72C030-1253-4084-BAA7-BD3CBCF64825}.Debug|Any CPU.ActiveCfg = Debug|Any CPU
		{9F72C030-1253-4084-BAA7-BD3CBCF64825}.Debug|Any CPU.Build.0 = Debug|Any CPU
		{9F72C030-1253-4084-BAA7-BD3CBCF64825}.Release|Any CPU.ActiveCfg = Release|Any CPU
		{9F72C030-1253-4084-BAA7-BD3CBCF64825}.Release|Any CPU.Build.0 = Release|Any CPU
	EndGlobalSection
	GlobalSection(SolutionProperties) = preSolution
		HideSolutionNode = FALSE
	EndGlobalSection
	GlobalSection(ExtensibilityGlobals) = postSolution
		SolutionGuid = {ED00EA64-3AD8-4E84-9063-B6A8022B7D84}
	EndGlobalSection
EndGlobal
